
Microsoft Visual Studio Solution File, Format Version 12.00
# Visual Studio Version 17
VisualStudioVersion = 17.12.35707.178 d17.12
MinimumVisualStudioVersion = 10.0.40219.1
Project("{FAE04EC0-301F-11D3-BF4B-00C04F79EFBC}") = "TextAnalyzer", "TextAnalyzer\TextAnalyzer.csproj", "{7BF74A18-35C5-4A48-B76C-D762ED930207}"
EndProject
Project("{FAE04EC0-301F-11D3-BF4B-00C04F79EFBC}") = "Program", "Program\Program.csproj", "{AC3CE954-ADA0-4AAA-BAAA-7FD7CA6C955B}"
EndProject
Global
	GlobalSection(SolutionConfigurationPlatforms) = preSolution
		Debug|Any CPU = Debug|Any CPU
		Release|Any CPU = Release|Any CPU
	EndGlobalSection
	GlobalSection(ProjectConfigurationPlatforms) = postSolution
		{7BF74A18-35C5-4A48-B76C-D762ED930207}.Debug|Any CPU.ActiveCfg = Debug|Any CPU
		{7BF74A18-35C5-4A48-B76C-D762ED930207}.Debug|Any CPU.Build.0 = Debug|Any CPU
		{7BF74A18-35C5-4A48-B76C-D762ED930207}.Release|Any CPU.ActiveCfg = Release|Any CPU
		{7BF74A18-35C5-4A48-B76C-D762ED930207}.Release|Any CPU.Build.0 = Release|Any CPU
		{AC3CE954-ADA0-4AAA-BAAA-7FD7CA6C955B}.Debug|Any CPU.ActiveCfg = Debug|Any CPU
		{AC3CE954-ADA0-4AAA-BAAA-7FD7CA6C955B}.Debug|Any CPU.Build.0 = Debug|Any CPU
		{AC3CE954-ADA0-4AAA-BAAA-7FD7CA6C955B}.Release|Any CPU.ActiveCfg = Release|Any CPU
		{AC3CE954-ADA0-4AAA-BAAA-7FD7CA6C955B}.Release|Any CPU.Build.0 = Release|Any CPU
	EndGlobalSection
	GlobalSection(SolutionProperties) = preSolution
		HideSolutionNode = FALSE
	EndGlobalSection
EndGlobal
